// !$*UTF8*$!
{
	archiveVersion = 1;
	classes = {
	};
	objectVersion = 50;
	objects = {

/* Begin PBXBuildFile section */
		863AA4122089D2B700117583 /* AppDelegate.swift in Sources */ = {isa = PBXBuildFile; fileRef = 863AA4112089D2B700117583 /* AppDelegate.swift */; };
		863AA4192089D2B900117583 /* Assets.xcassets in Resources */ = {isa = PBXBuildFile; fileRef = 863AA4182089D2B900117583 /* Assets.xcassets */; };
		863AA41C2089D2B900117583 /* LaunchScreen.storyboard in Resources */ = {isa = PBXBuildFile; fileRef = 863AA41A2089D2B900117583 /* LaunchScreen.storyboard */; };
		863AA4242089D3C500117583 /* ConversationViewController.swift in Sources */ = {isa = PBXBuildFile; fileRef = 863AA4232089D3C500117583 /* ConversationViewController.swift */; };
		863AA4262089D44000117583 /* ChatTableViewCell.swift in Sources */ = {isa = PBXBuildFile; fileRef = 863AA4252089D44000117583 /* ChatTableViewCell.swift */; };
		863AA4282089D44B00117583 /* ChatViewController.swift in Sources */ = {isa = PBXBuildFile; fileRef = 863AA4272089D44B00117583 /* ChatViewController.swift */; };
		863AA42A2089D46C00117583 /* ChatModel.swift in Sources */ = {isa = PBXBuildFile; fileRef = 863AA4292089D46B00117583 /* ChatModel.swift */; };
		863AA42E2089D51E00117583 /* IMChatMsg.swift in Sources */ = {isa = PBXBuildFile; fileRef = 863AA42B2089D51E00117583 /* IMChatMsg.swift */; };
		863AA42F2089D51E00117583 /* ChatManager.swift in Sources */ = {isa = PBXBuildFile; fileRef = 863AA42C2089D51E00117583 /* ChatManager.swift */; };
		863AA4302089D51E00117583 /* ChatSoundRecorder.swift in Sources */ = {isa = PBXBuildFile; fileRef = 863AA42D2089D51E00117583 /* ChatSoundRecorder.swift */; };
/* End PBXBuildFile section */

/* Begin PBXFileReference section */
		863AA40E2089D2B700117583 /* BIMChatDemo.app */ = {isa = PBXFileReference; explicitFileType = wrapper.application; includeInIndex = 0; path = BIMChatDemo.app; sourceTree = BUILT_PRODUCTS_DIR; };
		863AA4112089D2B700117583 /* AppDelegate.swift */ = {isa = PBXFileReference; lastKnownFileType = sourcecode.swift; path = AppDelegate.swift; sourceTree = "<group>"; };
		863AA4182089D2B900117583 /* Assets.xcassets */ = {isa = PBXFileReference; lastKnownFileType = folder.assetcatalog; path = Assets.xcassets; sourceTree = "<group>"; };
		863AA41B2089D2B900117583 /* Base */ = {isa = PBXFileReference; lastKnownFileType = file.storyboard; name = Base; path = Base.lproj/LaunchScreen.storyboard; sourceTree = "<group>"; };
		863AA41D2089D2B900117583 /* Info.plist */ = {isa = PBXFileReference; lastKnownFileType = text.plist.xml; path = Info.plist; sourceTree = "<group>"; };
		863AA4232089D3C500117583 /* ConversationViewController.swift */ = {isa = PBXFileReference; lastKnownFileType = sourcecode.swift; path = ConversationViewController.swift; sourceTree = "<group>"; };
		863AA4252089D44000117583 /* ChatTableViewCell.swift */ = {isa = PBXFileReference; fileEncoding = 4; lastKnownFileType = sourcecode.swift; path = ChatTableViewCell.swift; sourceTree = "<group>"; };
		863AA4272089D44B00117583 /* ChatViewController.swift */ = {isa = PBXFileReference; fileEncoding = 4; lastKnownFileType = sourcecode.swift; path = ChatViewController.swift; sourceTree = "<group>"; };
		863AA4292089D46B00117583 /* ChatModel.swift */ = {isa = PBXFileReference; fileEncoding = 4; lastKnownFileType = sourcecode.swift; path = ChatModel.swift; sourceTree = "<group>"; };
		863AA42B2089D51E00117583 /* IMChatMsg.swift */ = {isa = PBXFileReference; fileEncoding = 4; lastKnownFileType = sourcecode.swift; path = IMChatMsg.swift; sourceTree = "<group>"; };
		863AA42C2089D51E00117583 /* ChatManager.swift */ = {isa = PBXFileReference; fileEncoding = 4; lastKnownFileType = sourcecode.swift; path = ChatManager.swift; sourceTree = "<group>"; };
		863AA42D2089D51E00117583 /* ChatSoundRecorder.swift */ = {isa = PBXFileReference; fileEncoding = 4; lastKnownFileType = sourcecode.swift; path = ChatSoundRecorder.swift; sourceTree = "<group>"; };
/* End PBXFileReference section */

/* Begin PBXFrameworksBuildPhase section */
		863AA40B2089D2B700117583 /* Frameworks */ = {
			isa = PBXFrameworksBuildPhase;
			buildActionMask = 2147483647;
			files = (
			);
			runOnlyForDeploymentPostprocessing = 0;
		};
/* End PBXFrameworksBuildPhase section */

/* Begin PBXGroup section */
		863AA4052089D2B700117583 = {
			isa = PBXGroup;
			children = (
				863AA4102089D2B700117583 /* BIMChatDemo */,
				863AA40F2089D2B700117583 /* Products */,
			);
			sourceTree = "<group>";
		};
		863AA40F2089D2B700117583 /* Products */ = {
			isa = PBXGroup;
			children = (
				863AA40E2089D2B700117583 /* BIMChatDemo.app */,
			);
			name = Products;
			sourceTree = "<group>";
		};
		863AA4102089D2B700117583 /* BIMChatDemo */ = {
			isa = PBXGroup;
			children = (
				863AA4352089DB4F00117583 /* Helpers */,
				863AA4342089DB1B00117583 /* Models */,
				863AA4332089DB0500117583 /* Views */,
				863AA4322089DAF900117583 /* ViewModels */,
				863AA4312089DAEF00117583 /* ViewControllers */,
				863AA4112089D2B700117583 /* AppDelegate.swift */,
				863AA4182089D2B900117583 /* Assets.xcassets */,
				863AA41A2089D2B900117583 /* LaunchScreen.storyboard */,
				863AA41D2089D2B900117583 /* Info.plist */,
			);
			path = BIMChatDemo;
			sourceTree = "<group>";
		};
		863AA4312089DAEF00117583 /* ViewControllers */ = {
			isa = PBXGroup;
			children = (
				863AA4232089D3C500117583 /* ConversationViewController.swift */,
				863AA4272089D44B00117583 /* ChatViewController.swift */,
			);
			path = ViewControllers;
			sourceTree = "<group>";
		};
		863AA4322089DAF900117583 /* ViewModels */ = {
			isa = PBXGroup;
			children = (
			);
			path = ViewModels;
			sourceTree = "<group>";
		};
		863AA4332089DB0500117583 /* Views */ = {
			isa = PBXGroup;
			children = (
				863AA4252089D44000117583 /* ChatTableViewCell.swift */,
			);
			path = Views;
			sourceTree = "<group>";
		};
		863AA4342089DB1B00117583 /* Models */ = {
			isa = PBXGroup;
			children = (
				863AA42B2089D51E00117583 /* IMChatMsg.swift */,
				863AA4292089D46B00117583 /* ChatModel.swift */,
			);
			path = Models;
			sourceTree = "<group>";
		};
		863AA4352089DB4F00117583 /* Helpers */ = {
			isa = PBXGroup;
			children = (
				863AA42C2089D51E00117583 /* ChatManager.swift */,
				863AA42D2089D51E00117583 /* ChatSoundRecorder.swift */,
			);
			path = Helpers;
			sourceTree = "<group>";
		};
/* End PBXGroup section */

/* Begin PBXNativeTarget section */
		863AA40D2089D2B700117583 /* BIMChatDemo */ = {
			isa = PBXNativeTarget;
			buildConfigurationList = 863AA4202089D2B900117583 /* Build configuration list for PBXNativeTarget "BIMChatDemo" */;
			buildPhases = (
				863AA40A2089D2B700117583 /* Sources */,
				863AA40B2089D2B700117583 /* Frameworks */,
				863AA40C2089D2B700117583 /* Resources */,
			);
			buildRules = (
			);
			dependencies = (
			);
			name = BIMChatDemo;
			productName = BIMChatDemo;
			productReference = 863AA40E2089D2B700117583 /* BIMChatDemo.app */;
			productType = "com.apple.product-type.application";
		};
/* End PBXNativeTarget section */

/* Begin PBXProject section */
		863AA4062089D2B700117583 /* Project object */ = {
			isa = PBXProject;
			attributes = {
				LastSwiftUpdateCheck = 0930;
				LastUpgradeCheck = 0930;
				ORGANIZATIONNAME = GavinWinner;
				TargetAttributes = {
					863AA40D2089D2B700117583 = {
						CreatedOnToolsVersion = 9.3;
					};
				};
			};
			buildConfigurationList = 863AA4092089D2B700117583 /* Build configuration list for PBXProject "BIMChatDemo" */;
			compatibilityVersion = "Xcode 9.3";
			developmentRegion = en;
			hasScannedForEncodings = 0;
			knownRegions = (
				en,
				Base,
			);
			mainGroup = 863AA4052089D2B700117583;
			productRefGroup = 863AA40F2089D2B700117583 /* Products */;
			projectDirPath = "";
			projectRoot = "";
			targets = (
				863AA40D2089D2B700117583 /* BIMChatDemo */,
			);
		};
/* End PBXProject section */

/* Begin PBXResourcesBuildPhase section */
		863AA40C2089D2B700117583 /* Resources */ = {
			isa = PBXResourcesBuildPhase;
			buildActionMask = 2147483647;
			files = (
				863AA41C2089D2B900117583 /* LaunchScreen.storyboard in Resources */,
				863AA4192089D2B900117583 /* Assets.xcassets in Resources */,
			);
			runOnlyForDeploymentPostprocessing = 0;
		};
/* End PBXResourcesBuildPhase section */

/* Begin PBXSourcesBuildPhase section */
		863AA40A2089D2B700117583 /* Sources */ = {
			isa = PBXSourcesBuildPhase;
			buildActionMask = 2147483647;
			files = (
				863AA42A2089D46C00117583 /* ChatModel.swift in Sources */,
				863AA4302089D51E00117583 /* ChatSoundRecorder.swift in Sources */,
				863AA42E2089D51E00117583 /* IMChatMsg.swift in Sources */,
				863AA4262089D44000117583 /* ChatTableViewCell.swift in Sources */,
				863AA4242089D3C500117583 /* ConversationViewController.swift in Sources */,
				863AA42F2089D51E00117583 /* ChatManager.swift in Sources */,
				863AA4282089D44B00117583 /* ChatViewController.swift in Sources */,
				863AA4122089D2B700117583 /* AppDelegate.swift in Sources */,
			);
			runOnlyForDeploymentPostprocessing = 0;
		};
/* End PBXSourcesBuildPhase section */

/* Begin PBXVariantGroup section */
		863AA41A2089D2B900117583 /* LaunchScreen.storyboard */ = {
			isa = PBXVariantGroup;
			children = (
				863AA41B2089D2B900117583 /* Base */,
			);
			name = LaunchScreen.storyboard;
			sourceTree = "<group>";
		};
/* End PBXVariantGroup section */

/* Begin XCBuildConfiguration section */
		863AA41E2089D2B900117583 /* Debug */ = {
			isa = XCBuildConfiguration;
			buildSettings = {
				ALWAYS_SEARCH_USER_PATHS = NO;
				CLANG_ANALYZER_NONNULL = YES;
				CLANG_ANALYZER_NUMBER_OBJECT_CONVERSION = YES_AGGRESSIVE;
				CLANG_CXX_LANGUAGE_STANDARD = "gnu++14";
				CLANG_CXX_LIBRARY = "libc++";
				CLANG_ENABLE_MODULES = YES;
				CLANG_ENABLE_OBJC_ARC = YES;
				CLANG_ENABLE_OBJC_WEAK = YES;
				CLANG_WARN_BLOCK_CAPTURE_AUTORELEASING = YES;
				CLANG_WARN_BOOL_CONVERSION = YES;
				CLANG_WARN_COMMA = YES;
				CLANG_WARN_CONSTANT_CONVERSION = YES;
				CLANG_WARN_DEPRECATED_OBJC_IMPLEMENTATIONS = YES;
				CLANG_WARN_DIRECT_OBJC_ISA_USAGE = YES_ERROR;
				CLANG_WARN_DOCUMENTATION_COMMENTS = YES;
				CLANG_WARN_EMPTY_BODY = YES;
				CLANG_WARN_ENUM_CONVERSION = YES;
				CLANG_WARN_INFINITE_RECURSION = YES;
				CLANG_WARN_INT_CONVERSION = YES;
				CLANG_WARN_NON_LITERAL_NULL_CONVERSION = YES;
				CLANG_WARN_OBJC_IMPLICIT_RETAIN_SELF = YES;
				CLANG_WARN_OBJC_LITERAL_CONVERSION = YES;
				CLANG_WARN_OBJC_ROOT_CLASS = YES_ERROR;
				CLANG_WARN_RANGE_LOOP_ANALYSIS = YES;
				CLANG_WARN_STRICT_PROTOTYPES = YES;
				CLANG_WARN_SUSPICIOUS_MOVE = YES;
				CLANG_WARN_UNGUARDED_AVAILABILITY = YES_AGGRESSIVE;
				CLANG_WARN_UNREACHABLE_CODE = YES;
				CLANG_WARN__DUPLICATE_METHOD_MATCH = YES;
				CODE_SIGN_IDENTITY = "iPhone Developer";
				COPY_PHASE_STRIP = NO;
				DEBUG_INFORMATION_FORMAT = dwarf;
				ENABLE_STRICT_OBJC_MSGSEND = YES;
				ENABLE_TESTABILITY = YES;
				GCC_C_LANGUAGE_STANDARD = gnu11;
				GCC_DYNAMIC_NO_PIC = NO;
				GCC_NO_COMMON_BLOCKS = YES;
				GCC_OPTIMIZATION_LEVEL = 0;
				GCC_PREPROCESSOR_DEFINITIONS = (
					"DEBUG=1",
					"$(inherited)",
				);
				GCC_WARN_64_TO_32_BIT_CONVERSION = YES;
				GCC_WARN_ABOUT_RETURN_TYPE = YES_ERROR;
				GCC_WARN_UNDECLARED_SELECTOR = YES;
				GCC_WARN_UNINITIALIZED_AUTOS = YES_AGGRESSIVE;
				GCC_WARN_UNUSED_FUNCTION = YES;
				GCC_WARN_UNUSED_VARIABLE = YES;
				IPHONEOS_DEPLOYMENT_TARGET = 11.3;
				MTL_ENABLE_DEBUG_INFO = YES;
				ONLY_ACTIVE_ARCH = YES;
				SDKROOT = iphoneos;
				SWIFT_ACTIVE_COMPILATION_CONDITIONS = DEBUG;
				SWIFT_OPTIMIZATION_LEVEL = "-Onone";
			};
			name = Debug;
		};
		863AA41F2089D2B900117583 /* Release */ = {
			isa = XCBuildConfiguration;
			buildSettings = {
				ALWAYS_SEARCH_USER_PATHS = NO;
				CLANG_ANALYZER_NONNULL = YES;
				CLANG_ANALYZER_NUMBER_OBJECT_CONVERSION = YES_AGGRESSIVE;
				CLANG_CXX_LANGUAGE_STANDARD = "gnu++14";
				CLANG_CXX_LIBRARY = "libc++";
				CLANG_ENABLE_MODULES = YES;
				CLANG_ENABLE_OBJC_ARC = YES;
				CLANG_ENABLE_OBJC_WEAK = YES;
				CLANG_WARN_BLOCK_CAPTURE_AUTORELEASING = YES;
				CLANG_WARN_BOOL_CONVERSION = YES;
				CLANG_WARN_COMMA = YES;
				CLANG_WARN_CONSTANT_CONVERSION = YES;
				CLANG_WARN_DEPRECATED_OBJC_IMPLEMENTATIONS = YES;
				CLANG_WARN_DIRECT_OBJC_ISA_USAGE = YES_ERROR;
				CLANG_WARN_DOCUMENTATION_COMMENTS = YES;
				CLANG_WARN_EMPTY_BODY = YES;
				CLANG_WARN_ENUM_CONVERSION = YES;
				CLANG_WARN_INFINITE_RECURSION = YES;
				CLANG_WARN_INT_CONVERSION = YES;
				CLANG_WARN_NON_LITERAL_NULL_CONVERSION = YES;
				CLANG_WARN_OBJC_IMPLICIT_RETAIN_SELF = YES;
				CLANG_WARN_OBJC_LITERAL_CONVERSION = YES;
				CLANG_WARN_OBJC_ROOT_CLASS = YES_ERROR;
				CLANG_WARN_RANGE_LOOP_ANALYSIS = YES;
				CLANG_WARN_STRICT_PROTOTYPES = YES;
				CLANG_WARN_SUSPICIOUS_MOVE = YES;
				CLANG_WARN_UNGUARDED_AVAILABILITY = YES_AGGRESSIVE;
				CLANG_WARN_UNREACHABLE_CODE = YES;
				CLANG_WARN__DUPLICATE_METHOD_MATCH = YES;
				CODE_SIGN_IDENTITY = "iPhone Developer";
				COPY_PHASE_STRIP = NO;
				DEBUG_INFORMATION_FORMAT = "dwarf-with-dsym";
				ENABLE_NS_ASSERTIONS = NO;
				ENABLE_STRICT_OBJC_MSGSEND = YES;
				GCC_C_LANGUAGE_STANDARD = gnu11;
				GCC_NO_COMMON_BLOCKS = YES;
				GCC_WARN_64_TO_32_BIT_CONVERSION = YES;
				GCC_WARN_ABOUT_RETURN_TYPE = YES_ERROR;
				GCC_WARN_UNDECLARED_SELECTOR = YES;
				GCC_WARN_UNINITIALIZED_AUTOS = YES_AGGRESSIVE;
				GCC_WARN_UNUSED_FUNCTION = YES;
				GCC_WARN_UNUSED_VARIABLE = YES;
				IPHONEOS_DEPLOYMENT_TARGET = 11.3;
				MTL_ENABLE_DEBUG_INFO = NO;
				SDKROOT = iphoneos;
				SWIFT_COMPILATION_MODE = wholemodule;
				SWIFT_OPTIMIZATION_LEVEL = "-O";
				VALIDATE_PRODUCT = YES;
			};
			name = Release;
		};
		863AA4212089D2B900117583 /* Debug */ = {
			isa = XCBuildConfiguration;
			buildSettings = {
				ASSETCATALOG_COMPILER_APPICON_NAME = AppIcon;
				CODE_SIGN_STYLE = Automatic;
				DEVELOPMENT_TEAM = B7L6F7ADAK;
				INFOPLIST_FILE = BIMChatDemo/Info.plist;
				IPHONEOS_DEPLOYMENT_TARGET = 9.3;
				LD_RUNPATH_SEARCH_PATHS = (
					"$(inherited)",
					"@executable_path/Frameworks",
				);
				PRODUCT_BUNDLE_IDENTIFIER = com.bzf.im.BIMChatDemo;
				PRODUCT_NAME = "$(TARGET_NAME)";
				SWIFT_VERSION = 4.0;
				TARGETED_DEVICE_FAMILY = 1;
			};
			name = Debug;
		};
		863AA4222089D2B900117583 /* Release */ = {
			isa = XCBuildConfiguration;
			buildSettings = {
				ASSETCATALOG_COMPILER_APPICON_NAME = AppIcon;
				CODE_SIGN_STYLE = Automatic;
				DEVELOPMENT_TEAM = B7L6F7ADAK;
				INFOPLIST_FILE = BIMChatDemo/Info.plist;
				IPHONEOS_DEPLOYMENT_TARGET = 9.3;
				LD_RUNPATH_SEARCH_PATHS = (
					"$(inherited)",
					"@executable_path/Frameworks",
				);
				PRODUCT_BUNDLE_IDENTIFIER = com.bzf.im.BIMChatDemo;
				PRODUCT_NAME = "$(TARGET_NAME)";
				SWIFT_VERSION = 4.0;
				TARGETED_DEVICE_FAMILY = 1;
			};
			name = Release;
		};
/* End XCBuildConfiguration section */

/* Begin XCConfigurationList section */
		863AA4092089D2B700117583 /* Build configuration list for PBXProject "BIMChatDemo" */ = {
			isa = XCConfigurationList;
			buildConfigurations = (
				863AA41E2089D2B900117583 /* Debug */,
				863AA41F2089D2B900117583 /* Release */,
			);
			defaultConfigurationIsVisible = 0;
			defaultConfigurationName = Release;
		};
		863AA4202089D2B900117583 /* Build configuration list for PBXNativeTarget "BIMChatDemo" */ = {
			isa = XCConfigurationList;
			buildConfigurations = (
				863AA4212089D2B900117583 /* Debug */,
				863AA4222089D2B900117583 /* Release */,
			);
			defaultConfigurationIsVisible = 0;
			defaultConfigurationName = Release;
		};
/* End XCConfigurationList section */
	};
	rootObject = 863AA4062089D2B700117583 /* Project object */;
}
